
Microsoft Visual Studio Solution File, Format Version 12.00
# Visual Studio Version 16
VisualStudioVersion = 16.0.33328.57
MinimumVisualStudioVersion = 10.0.40219.1
Project("{FAE04EC0-301F-11D3-BF4B-00C04F79EFBC}") = "GenerateEmployeeScheduleReport", "GenerateEmployeeScheduleReport.csproj", "{F1C7D528-E132-4DE2-AA8E-87B9283B2C72}"
EndProject
Global
	GlobalSection(SolutionConfigurationPlatforms) = preSolution
		Debug|Any CPU = Debug|Any CPU
		Release|Any CPU = Release|Any CPU
	EndGlobalSection
	GlobalSection(ProjectConfigurationPlatforms) = postSolution
		{F1C7D528-E132-4DE2-AA8E-87B9283B2C72}.Debug|Any CPU.ActiveCfg = Debug|Any CPU
		{F1C7D528-E132-4DE2-AA8E-87B9283B2C72}.Debug|Any CPU.Build.0 = Debug|Any CPU
		{F1C7D528-E132-4DE2-AA8E-87B9283B2C72}.Release|Any CPU.ActiveCfg = Release|Any CPU
		{F1C7D528-E132-4DE2-AA8E-87B9283B2C72}.Release|Any CPU.Build.0 = Release|Any CPU
	EndGlobalSection
	GlobalSection(SolutionProperties) = preSolution
		HideSolutionNode = FALSE
	EndGlobalSection
	GlobalSection(ExtensibilityGlobals) = postSolution
		SolutionGuid = {2570E430-7648-4F8F-A180-5124D4915C3A}
	EndGlobalSection
EndGlobal
